
Microsoft Visual Studio Solution File, Format Version 12.00
# Visual Studio Version 17
VisualStudioVersion = 17.1.32228.430
MinimumVisualStudioVersion = 10.0.40219.1
Project("{9A19103F-16F7-4668-BE54-9A1E7A4F7556}") = "RecipiesNstuff", "RecipiesNstuff\RecipiesNstuff.csproj", "{FC5930D9-2D34-439E-8FF0-707B1ED5C925}"
EndProject
Project("{E53339B2-1760-4266-BCC7-CA923CBCF16C}") = "docker-compose", "docker-compose.dcproj", "{67B315E4-814D-43CC-AD84-98B69B059C25}"
EndProject
Global
	GlobalSection(SolutionConfigurationPlatforms) = preSolution
		Debug|Any CPU = Debug|Any CPU
		Release|Any CPU = Release|Any CPU
	EndGlobalSection
	GlobalSection(ProjectConfigurationPlatforms) = postSolution
		{FC5930D9-2D34-439E-8FF0-707B1ED5C925}.Debug|Any CPU.ActiveCfg = Debug|Any CPU
		{FC5930D9-2D34-439E-8FF0-707B1ED5C925}.Debug|Any CPU.Build.0 = Debug|Any CPU
		{FC5930D9-2D34-439E-8FF0-707B1ED5C925}.Release|Any CPU.ActiveCfg = Release|Any CPU
		{FC5930D9-2D34-439E-8FF0-707B1ED5C925}.Release|Any CPU.Build.0 = Release|Any CPU
		{67B315E4-814D-43CC-AD84-98B69B059C25}.Debug|Any CPU.ActiveCfg = Debug|Any CPU
		{67B315E4-814D-43CC-AD84-98B69B059C25}.Debug|Any CPU.Build.0 = Debug|Any CPU
		{67B315E4-814D-43CC-AD84-98B69B059C25}.Release|Any CPU.ActiveCfg = Release|Any CPU
		{67B315E4-814D-43CC-AD84-98B69B059C25}.Release|Any CPU.Build.0 = Release|Any CPU
	EndGlobalSection
	GlobalSection(SolutionProperties) = preSolution
		HideSolutionNode = FALSE
	EndGlobalSection
	GlobalSection(ExtensibilityGlobals) = postSolution
		SolutionGuid = {CEC67A3C-2635-4EDC-A829-C02E95E5D88A}
	EndGlobalSection
EndGlobal
